
Microsoft Visual Studio Solution File, Format Version 12.00
Project("{FAE04EC0-301F-11D3-BF4B-00C04F79EFBC}") = "LargeFileGeneratorAndSorter.Generator", "LargeFileGeneratorAndSorter.Generator\LargeFileGeneratorAndSorter.Generator.csproj", "{75D7E242-E729-46EE-8258-99F5A6C4572D}"
EndProject
Project("{FAE04EC0-301F-11D3-BF4B-00C04F79EFBC}") = "LargeFileGeneratorAndSorter.Sorter", "LargeFileGeneratorAndSorter.Sorter\LargeFileGeneratorAndSorter.Sorter.csproj", "{0699F131-D39E-470B-BCF2-E65F91843740}"
EndProject
Project("{FAE04EC0-301F-11D3-BF4B-00C04F79EFBC}") = "LargeFileGeneratorAndSorter.ApplicationCore", "LargeFileGeneratorAndSorter.ApplicationCore\LargeFileGeneratorAndSorter.ApplicationCore.csproj", "{CC090D02-CF75-432A-A096-201A2CF2AF37}"
EndProject
Global
	GlobalSection(SolutionConfigurationPlatforms) = preSolution
		Debug|Any CPU = Debug|Any CPU
		Release|Any CPU = Release|Any CPU
	EndGlobalSection
	GlobalSection(ProjectConfigurationPlatforms) = postSolution
		{75D7E242-E729-46EE-8258-99F5A6C4572D}.Debug|Any CPU.ActiveCfg = Debug|Any CPU
		{75D7E242-E729-46EE-8258-99F5A6C4572D}.Debug|Any CPU.Build.0 = Debug|Any CPU
		{75D7E242-E729-46EE-8258-99F5A6C4572D}.Release|Any CPU.ActiveCfg = Release|Any CPU
		{75D7E242-E729-46EE-8258-99F5A6C4572D}.Release|Any CPU.Build.0 = Release|Any CPU
		{0699F131-D39E-470B-BCF2-E65F91843740}.Debug|Any CPU.ActiveCfg = Debug|Any CPU
		{0699F131-D39E-470B-BCF2-E65F91843740}.Debug|Any CPU.Build.0 = Debug|Any CPU
		{0699F131-D39E-470B-BCF2-E65F91843740}.Release|Any CPU.ActiveCfg = Release|Any CPU
		{0699F131-D39E-470B-BCF2-E65F91843740}.Release|Any CPU.Build.0 = Release|Any CPU
		{CC090D02-CF75-432A-A096-201A2CF2AF37}.Debug|Any CPU.ActiveCfg = Debug|Any CPU
		{CC090D02-CF75-432A-A096-201A2CF2AF37}.Debug|Any CPU.Build.0 = Debug|Any CPU
		{CC090D02-CF75-432A-A096-201A2CF2AF37}.Release|Any CPU.ActiveCfg = Release|Any CPU
		{CC090D02-CF75-432A-A096-201A2CF2AF37}.Release|Any CPU.Build.0 = Release|Any CPU
	EndGlobalSection
EndGlobal
